// !$*UTF8*$!
{
	archiveVersion = 1;
	classes = {
	};
	objectVersion = 50;
	objects = {

/* Begin PBXBuildFile section */
		9DD2DF4325193415000C613D /* ItlySchemaValidatorPluginTests.swift in Sources */ = {isa = PBXBuildFile; fileRef = 9DD2DF4225193415000C613D /* ItlySchemaValidatorPluginTests.swift */; };
		9DD2DF4525193415000C613D /* ItlySchemaValidatorPlugin.framework in Frameworks */ = {isa = PBXBuildFile; fileRef = 9DE195D3250648AE00966F06 /* ItlySchemaValidatorPlugin.framework */; };
		9DD2E17A251D00D2000C613D /* ItlySchemaValidatorPlugin.framework in Frameworks */ = {isa = PBXBuildFile; fileRef = 9DE1966C2506796E00966F06 /* ItlySchemaValidatorPlugin.framework */; };
		9DD2E18E251D00ED000C613D /* ItlySchemaValidatorPlugin.framework in Frameworks */ = {isa = PBXBuildFile; fileRef = 9DE1967925067A1A00966F06 /* ItlySchemaValidatorPlugin.framework */; };
		9DE195D8250648AE00966F06 /* ItlySchemaValidatorPlugin.h in Headers */ = {isa = PBXBuildFile; fileRef = 9DE195D6250648AE00966F06 /* ItlySchemaValidatorPlugin.h */; settings = {ATTRIBUTES = (Public, ); }; };
		9DE195F62506524600966F06 /* ItlySdk.framework in Frameworks */ = {isa = PBXBuildFile; fileRef = 9DE195F52506524600966F06 /* ItlySdk.framework */; };
		9DE19605250667D800966F06 /* ItlySchemaValidatorPlugin.swift in Sources */ = {isa = PBXBuildFile; fileRef = 9DE19604250667D800966F06 /* ItlySchemaValidatorPlugin.swift */; };
		9DE196072506689000966F06 /* DSJSONSchemaValidation.framework in Frameworks */ = {isa = PBXBuildFile; fileRef = 9DE196062506689000966F06 /* DSJSONSchemaValidation.framework */; };
		9DE1968125067A8B00966F06 /* ItlySchemaValidatorPlugin.swift in Sources */ = {isa = PBXBuildFile; fileRef = 9DE19604250667D800966F06 /* ItlySchemaValidatorPlugin.swift */; };
		9DE1968225067A8B00966F06 /* ItlySchemaValidatorPlugin.swift in Sources */ = {isa = PBXBuildFile; fileRef = 9DE19604250667D800966F06 /* ItlySchemaValidatorPlugin.swift */; };
		9DE1968E25067B5C00966F06 /* ItlySdk.framework in Frameworks */ = {isa = PBXBuildFile; fileRef = 9DE1968D25067B5C00966F06 /* ItlySdk.framework */; };
		9DE1968F25067B8900966F06 /* DSJSONSchemaValidation.framework in Frameworks */ = {isa = PBXBuildFile; fileRef = 9DE1968825067ACD00966F06 /* DSJSONSchemaValidation.framework */; };
		9DE1969025067B9700966F06 /* DSJSONSchemaValidation.framework in Frameworks */ = {isa = PBXBuildFile; fileRef = 9DE1968325067AB200966F06 /* DSJSONSchemaValidation.framework */; };
		9DE1969225067BA000966F06 /* ItlySdk.framework in Frameworks */ = {isa = PBXBuildFile; fileRef = 9DE1969125067BA000966F06 /* ItlySdk.framework */; };
		9DE1969325067BF200966F06 /* ItlySchemaValidatorPlugin.h in Headers */ = {isa = PBXBuildFile; fileRef = 9DE195D6250648AE00966F06 /* ItlySchemaValidatorPlugin.h */; settings = {ATTRIBUTES = (Public, ); }; };
		9DE1969425067BF200966F06 /* ItlySchemaValidatorPlugin.h in Headers */ = {isa = PBXBuildFile; fileRef = 9DE195D6250648AE00966F06 /* ItlySchemaValidatorPlugin.h */; settings = {ATTRIBUTES = (Public, ); }; };
/* End PBXBuildFile section */

/* Begin PBXContainerItemProxy section */
		9DD2DF4625193415000C613D /* PBXContainerItemProxy */ = {
			isa = PBXContainerItemProxy;
			containerPortal = 9DE195CA250648AE00966F06 /* Project object */;
			proxyType = 1;
			remoteGlobalIDString = 9DE195D2250648AE00966F06;
			remoteInfo = ItlyJsonSchemaValiadtorPlugin_iOS;
		};
		9DD2E17B251D00D2000C613D /* PBXContainerItemProxy */ = {
			isa = PBXContainerItemProxy;
			containerPortal = 9DE195CA250648AE00966F06 /* Project object */;
			proxyType = 1;
			remoteGlobalIDString = 9DE1966B2506796E00966F06;
			remoteInfo = ItlyJsonSchemaValiadtorPlugin_tvOS;
		};
		9DD2E18F251D00ED000C613D /* PBXContainerItemProxy */ = {
			isa = PBXContainerItemProxy;
			containerPortal = 9DE195CA250648AE00966F06 /* Project object */;
			proxyType = 1;
			remoteGlobalIDString = 9DE1967825067A1A00966F06;
			remoteInfo = ItlyJsonSchemaValiadtorPlugin_macOS;
		};
/* End PBXContainerItemProxy section */

/* Begin PBXFileReference section */
		9DD2DF4025193415000C613D /* ItlySchemaValidatorPluginTests_iOS.xctest */ = {isa = PBXFileReference; explicitFileType = wrapper.cfbundle; includeInIndex = 0; path = ItlySchemaValidatorPluginTests_iOS.xctest; sourceTree = BUILT_PRODUCTS_DIR; };
		9DD2DF4225193415000C613D /* ItlySchemaValidatorPluginTests.swift */ = {isa = PBXFileReference; lastKnownFileType = sourcecode.swift; path = ItlySchemaValidatorPluginTests.swift; sourceTree = "<group>"; };
		9DD2DF4425193415000C613D /* Info.plist */ = {isa = PBXFileReference; lastKnownFileType = text.plist.xml; path = Info.plist; sourceTree = "<group>"; };
		9DD2DF5325193506000C613D /* ItlySdk.framework */ = {isa = PBXFileReference; explicitFileType = wrapper.framework; path = ItlySdk.framework; sourceTree = BUILT_PRODUCTS_DIR; };
		9DD2E175251D00D2000C613D /* ItlySchemaValidatorPluginTests_tvOS.xctest */ = {isa = PBXFileReference; explicitFileType = wrapper.cfbundle; includeInIndex = 0; path = ItlySchemaValidatorPluginTests_tvOS.xctest; sourceTree = BUILT_PRODUCTS_DIR; };
		9DD2E189251D00ED000C613D /* ItlySchemaValidatorPluginTests_OSX.xctest */ = {isa = PBXFileReference; explicitFileType = wrapper.cfbundle; includeInIndex = 0; path = ItlySchemaValidatorPluginTests_OSX.xctest; sourceTree = BUILT_PRODUCTS_DIR; };
		9DE195D3250648AE00966F06 /* ItlySchemaValidatorPlugin.framework */ = {isa = PBXFileReference; explicitFileType = wrapper.framework; includeInIndex = 0; path = ItlySchemaValidatorPlugin.framework; sourceTree = BUILT_PRODUCTS_DIR; };
		9DE195D6250648AE00966F06 /* ItlySchemaValidatorPlugin.h */ = {isa = PBXFileReference; lastKnownFileType = sourcecode.c.h; path = ItlySchemaValidatorPlugin.h; sourceTree = "<group>"; };
		9DE195D7250648AE00966F06 /* Info.plist */ = {isa = PBXFileReference; lastKnownFileType = text.plist.xml; path = Info.plist; sourceTree = "<group>"; };
		9DE195F52506524600966F06 /* ItlySdk.framework */ = {isa = PBXFileReference; explicitFileType = wrapper.framework; path = ItlySdk.framework; sourceTree = BUILT_PRODUCTS_DIR; };
		9DE19604250667D800966F06 /* ItlySchemaValidatorPlugin.swift */ = {isa = PBXFileReference; fileEncoding = 4; lastKnownFileType = sourcecode.swift; path = ItlySchemaValidatorPlugin.swift; sourceTree = "<group>"; };
		9DE196062506689000966F06 /* DSJSONSchemaValidation.framework */ = {isa = PBXFileReference; lastKnownFileType = wrapper.framework; name = DSJSONSchemaValidation.framework; path = Carthage/Build/iOS/DSJSONSchemaValidation.framework; sourceTree = "<group>"; };
		9DE1966C2506796E00966F06 /* ItlySchemaValidatorPlugin.framework */ = {isa = PBXFileReference; explicitFileType = wrapper.framework; includeInIndex = 0; path = ItlySchemaValidatorPlugin.framework; sourceTree = BUILT_PRODUCTS_DIR; };
		9DE1967925067A1A00966F06 /* ItlySchemaValidatorPlugin.framework */ = {isa = PBXFileReference; explicitFileType = wrapper.framework; includeInIndex = 0; path = ItlySchemaValidatorPlugin.framework; sourceTree = BUILT_PRODUCTS_DIR; };
		9DE1968325067AB200966F06 /* DSJSONSchemaValidation.framework */ = {isa = PBXFileReference; lastKnownFileType = wrapper.framework; name = DSJSONSchemaValidation.framework; path = Carthage/Build/Mac/DSJSONSchemaValidation.framework; sourceTree = "<group>"; };
		9DE1968825067ACD00966F06 /* DSJSONSchemaValidation.framework */ = {isa = PBXFileReference; lastKnownFileType = wrapper.framework; name = DSJSONSchemaValidation.framework; path = Carthage/Build/tvOS/DSJSONSchemaValidation.framework; sourceTree = "<group>"; };
		9DE1968D25067B5C00966F06 /* ItlySdk.framework */ = {isa = PBXFileReference; explicitFileType = wrapper.framework; path = ItlySdk.framework; sourceTree = BUILT_PRODUCTS_DIR; };
		9DE1969125067BA000966F06 /* ItlySdk.framework */ = {isa = PBXFileReference; explicitFileType = wrapper.framework; path = ItlySdk.framework; sourceTree = BUILT_PRODUCTS_DIR; };
/* End PBXFileReference section */

/* Begin PBXFrameworksBuildPhase section */
		9DD2DF3D25193415000C613D /* Frameworks */ = {
			isa = PBXFrameworksBuildPhase;
			buildActionMask = 2147483647;
			files = (
				9DD2DF4525193415000C613D /* ItlySchemaValidatorPlugin.framework in Frameworks */,
			);
			runOnlyForDeploymentPostprocessing = 0;
		};
		9DD2E172251D00D2000C613D /* Frameworks */ = {
			isa = PBXFrameworksBuildPhase;
			buildActionMask = 2147483647;
			files = (
				9DD2E17A251D00D2000C613D /* ItlySchemaValidatorPlugin.framework in Frameworks */,
			);
			runOnlyForDeploymentPostprocessing = 0;
		};
		9DD2E186251D00ED000C613D /* Frameworks */ = {
			isa = PBXFrameworksBuildPhase;
			buildActionMask = 2147483647;
			files = (
				9DD2E18E251D00ED000C613D /* ItlySchemaValidatorPlugin.framework in Frameworks */,
			);
			runOnlyForDeploymentPostprocessing = 0;
		};
		9DE195D0250648AE00966F06 /* Frameworks */ = {
			isa = PBXFrameworksBuildPhase;
			buildActionMask = 2147483647;
			files = (
				9DE196072506689000966F06 /* DSJSONSchemaValidation.framework in Frameworks */,
				9DE195F62506524600966F06 /* ItlySdk.framework in Frameworks */,
			);
			runOnlyForDeploymentPostprocessing = 0;
		};
		9DE196692506796E00966F06 /* Frameworks */ = {
			isa = PBXFrameworksBuildPhase;
			buildActionMask = 2147483647;
			files = (
				9DE1968E25067B5C00966F06 /* ItlySdk.framework in Frameworks */,
				9DE1968F25067B8900966F06 /* DSJSONSchemaValidation.framework in Frameworks */,
			);
			runOnlyForDeploymentPostprocessing = 0;
		};
		9DE1967625067A1A00966F06 /* Frameworks */ = {
			isa = PBXFrameworksBuildPhase;
			buildActionMask = 2147483647;
			files = (
				9DE1969225067BA000966F06 /* ItlySdk.framework in Frameworks */,
				9DE1969025067B9700966F06 /* DSJSONSchemaValidation.framework in Frameworks */,
			);
			runOnlyForDeploymentPostprocessing = 0;
		};
/* End PBXFrameworksBuildPhase section */

/* Begin PBXGroup section */
		9DD2DF4125193415000C613D /* SchemaValidatorPluginTests */ = {
			isa = PBXGroup;
			children = (
				9DD2DF4225193415000C613D /* ItlySchemaValidatorPluginTests.swift */,
				9DD2DF4425193415000C613D /* Info.plist */,
			);
			path = SchemaValidatorPluginTests;
			sourceTree = "<group>";
		};
		9DE195C9250648AE00966F06 = {
			isa = PBXGroup;
			children = (
				9DE195D5250648AE00966F06 /* SchemaValidatorPlugin */,
				9DD2DF4125193415000C613D /* SchemaValidatorPluginTests */,
				9DE195D4250648AE00966F06 /* Products */,
				9DE195F42506524600966F06 /* Frameworks */,
			);
			sourceTree = "<group>";
		};
		9DE195D4250648AE00966F06 /* Products */ = {
			isa = PBXGroup;
			children = (
				9DE195D3250648AE00966F06 /* ItlySchemaValidatorPlugin.framework */,
				9DE1966C2506796E00966F06 /* ItlySchemaValidatorPlugin.framework */,
				9DE1967925067A1A00966F06 /* ItlySchemaValidatorPlugin.framework */,
				9DD2DF4025193415000C613D /* ItlySchemaValidatorPluginTests_iOS.xctest */,
				9DD2E175251D00D2000C613D /* ItlySchemaValidatorPluginTests_tvOS.xctest */,
				9DD2E189251D00ED000C613D /* ItlySchemaValidatorPluginTests_OSX.xctest */,
			);
			name = Products;
			sourceTree = "<group>";
		};
		9DE195D5250648AE00966F06 /* SchemaValidatorPlugin */ = {
			isa = PBXGroup;
			children = (
				9DE19604250667D800966F06 /* ItlySchemaValidatorPlugin.swift */,
				9DE195D6250648AE00966F06 /* ItlySchemaValidatorPlugin.h */,
				9DE195D7250648AE00966F06 /* Info.plist */,
			);
			path = SchemaValidatorPlugin;
			sourceTree = "<group>";
		};
		9DE195F42506524600966F06 /* Frameworks */ = {
			isa = PBXGroup;
			children = (
				9DD2DF5325193506000C613D /* ItlySdk.framework */,
				9DE1969125067BA000966F06 /* ItlySdk.framework */,
				9DE1968D25067B5C00966F06 /* ItlySdk.framework */,
				9DE196062506689000966F06 /* DSJSONSchemaValidation.framework */,
				9DE1968325067AB200966F06 /* DSJSONSchemaValidation.framework */,
				9DE1968825067ACD00966F06 /* DSJSONSchemaValidation.framework */,
				9DE195F52506524600966F06 /* ItlySdk.framework */,
			);
			name = Frameworks;
			sourceTree = "<group>";
		};
/* End PBXGroup section */

/* Begin PBXHeadersBuildPhase section */
		9DE195CE250648AE00966F06 /* Headers */ = {
			isa = PBXHeadersBuildPhase;
			buildActionMask = 2147483647;
			files = (
				9DE195D8250648AE00966F06 /* ItlySchemaValidatorPlugin.h in Headers */,
			);
			runOnlyForDeploymentPostprocessing = 0;
		};
		9DE196672506796E00966F06 /* Headers */ = {
			isa = PBXHeadersBuildPhase;
			buildActionMask = 2147483647;
			files = (
				9DE1969325067BF200966F06 /* ItlySchemaValidatorPlugin.h in Headers */,
			);
			runOnlyForDeploymentPostprocessing = 0;
		};
		9DE1967425067A1A00966F06 /* Headers */ = {
			isa = PBXHeadersBuildPhase;
			buildActionMask = 2147483647;
			files = (
				9DE1969425067BF200966F06 /* ItlySchemaValidatorPlugin.h in Headers */,
			);
			runOnlyForDeploymentPostprocessing = 0;
		};
/* End PBXHeadersBuildPhase section */

/* Begin PBXNativeTarget section */
		9DD2DF3F25193415000C613D /* ItlySchemaValidatorPluginTests_iOS */ = {
			isa = PBXNativeTarget;
			buildConfigurationList = 9DD2DF4A25193415000C613D /* Build configuration list for PBXNativeTarget "ItlySchemaValidatorPluginTests_iOS" */;
			buildPhases = (
				9DD2DF3C25193415000C613D /* Sources */,
				9DD2DF5E2519378C000C613D /* Copy frameworks */,
				9DD2DF3D25193415000C613D /* Frameworks */,
				9DD2DF3E25193415000C613D /* Resources */,
			);
			buildRules = (
			);
			dependencies = (
				9DD2DF4725193415000C613D /* PBXTargetDependency */,
			);
			name = ItlySchemaValidatorPluginTests_iOS;
			productName = ItlyJsonSchemaValiadtorPluginTests;
			productReference = 9DD2DF4025193415000C613D /* ItlySchemaValidatorPluginTests_iOS.xctest */;
			productType = "com.apple.product-type.bundle.unit-test";
		};
		9DD2E174251D00D2000C613D /* ItlySchemaValidatorPluginTests_tvOS */ = {
			isa = PBXNativeTarget;
			buildConfigurationList = 9DD2E17D251D00D2000C613D /* Build configuration list for PBXNativeTarget "ItlySchemaValidatorPluginTests_tvOS" */;
			buildPhases = (
				9DD2E171251D00D2000C613D /* Sources */,
				9DD2E1AC251D012E000C613D /* Copy frameworks */,
				9DD2E172251D00D2000C613D /* Frameworks */,
				9DD2E173251D00D2000C613D /* Resources */,
			);
			buildRules = (
			);
			dependencies = (
				9DD2E17C251D00D2000C613D /* PBXTargetDependency */,
			);
			name = ItlySchemaValidatorPluginTests_tvOS;
			productName = ItlyJsonSchemaValiadtorPluginTests_tvOS;
			productReference = 9DD2E175251D00D2000C613D /* ItlySchemaValidatorPluginTests_tvOS.xctest */;
			productType = "com.apple.product-type.bundle.unit-test";
		};
		9DD2E188251D00ED000C613D /* ItlySchemaValidatorPluginTests_OSX */ = {
			isa = PBXNativeTarget;
			buildConfigurationList = 9DD2E191251D00ED000C613D /* Build configuration list for PBXNativeTarget "ItlySchemaValidatorPluginTests_OSX" */;
			buildPhases = (
				9DD2E1AD251D0176000C613D /* Copy frameworks */,
				9DD2E186251D00ED000C613D /* Frameworks */,
				9DD2E185251D00ED000C613D /* Sources */,
				9DD2E187251D00ED000C613D /* Resources */,
			);
			buildRules = (
			);
			dependencies = (
				9DD2E190251D00ED000C613D /* PBXTargetDependency */,
			);
			name = ItlySchemaValidatorPluginTests_OSX;
			productName = ItlyJsonSchemaValiadtorPluginTests_OSX;
			productReference = 9DD2E189251D00ED000C613D /* ItlySchemaValidatorPluginTests_OSX.xctest */;
			productType = "com.apple.product-type.bundle.unit-test";
		};
		9DE195D2250648AE00966F06 /* ItlySchemaValidatorPlugin_iOS */ = {
			isa = PBXNativeTarget;
			buildConfigurationList = 9DE195DB250648AE00966F06 /* Build configuration list for PBXNativeTarget "ItlySchemaValidatorPlugin_iOS" */;
			buildPhases = (
				9DE197472506ADF500966F06 /* Carthage Deps */,
				9DE195CE250648AE00966F06 /* Headers */,
				9DE195CF250648AE00966F06 /* Sources */,
				9DE195D0250648AE00966F06 /* Frameworks */,
				9DE195D1250648AE00966F06 /* Resources */,
			);
			buildRules = (
			);
			dependencies = (
			);
			name = ItlySchemaValidatorPlugin_iOS;
			productName = ItlyJsonSchemaValiadtorPlugin;
			productReference = 9DE195D3250648AE00966F06 /* ItlySchemaValidatorPlugin.framework */;
			productType = "com.apple.product-type.framework";
		};
		9DE1966B2506796E00966F06 /* ItlySchemaValidatorPlugin_tvOS */ = {
			isa = PBXNativeTarget;
			buildConfigurationList = 9DE196712506796E00966F06 /* Build configuration list for PBXNativeTarget "ItlySchemaValidatorPlugin_tvOS" */;
			buildPhases = (
				9DE197482506AE0B00966F06 /* Carthage Deps */,
				9DE196672506796E00966F06 /* Headers */,
				9DE196682506796E00966F06 /* Sources */,
				9DE196692506796E00966F06 /* Frameworks */,
				9DE1966A2506796E00966F06 /* Resources */,
			);
			buildRules = (
			);
			dependencies = (
			);
			name = ItlySchemaValidatorPlugin_tvOS;
			productName = ItlyJsonSchemaValiadtorPlugin_tvOS;
			productReference = 9DE1966C2506796E00966F06 /* ItlySchemaValidatorPlugin.framework */;
			productType = "com.apple.product-type.framework";
		};
		9DE1967825067A1A00966F06 /* ItlySchemaValidatorPlugin_macOS */ = {
			isa = PBXNativeTarget;
			buildConfigurationList = 9DE1967E25067A1A00966F06 /* Build configuration list for PBXNativeTarget "ItlySchemaValidatorPlugin_macOS" */;
			buildPhases = (
				9DE197492506AE2000966F06 /* Carthage Deps */,
				9DE1967425067A1A00966F06 /* Headers */,
				9DE1967525067A1A00966F06 /* Sources */,
				9DE1967625067A1A00966F06 /* Frameworks */,
				9DE1967725067A1A00966F06 /* Resources */,
			);
			buildRules = (
			);
			dependencies = (
			);
			name = ItlySchemaValidatorPlugin_macOS;
			productName = ItlyJsonSchemaValiadtorPlugin;
			productReference = 9DE1967925067A1A00966F06 /* ItlySchemaValidatorPlugin.framework */;
			productType = "com.apple.product-type.framework";
		};
/* End PBXNativeTarget section */

/* Begin PBXProject section */
		9DE195CA250648AE00966F06 /* Project object */ = {
			isa = PBXProject;
			attributes = {
				LastSwiftUpdateCheck = 1200;
				LastUpgradeCheck = 1170;
				ORGANIZATIONNAME = "Konstantin Dorogan";
				TargetAttributes = {
					9DD2DF3F25193415000C613D = {
						CreatedOnToolsVersion = 12.0;
					};
					9DD2E174251D00D2000C613D = {
						CreatedOnToolsVersion = 12.0;
					};
					9DD2E188251D00ED000C613D = {
						CreatedOnToolsVersion = 12.0;
					};
					9DE195D2250648AE00966F06 = {
						CreatedOnToolsVersion = 11.7;
						LastSwiftMigration = 1170;
					};
					9DE1966B2506796E00966F06 = {
						CreatedOnToolsVersion = 11.7;
					};
					9DE1967825067A1A00966F06 = {
						CreatedOnToolsVersion = 11.7;
					};
				};
			};
			buildConfigurationList = 9DE195CD250648AE00966F06 /* Build configuration list for PBXProject "SchemaValidatorPlugin" */;
			compatibilityVersion = "Xcode 9.3";
			developmentRegion = en;
			hasScannedForEncodings = 0;
			knownRegions = (
				en,
				Base,
			);
			mainGroup = 9DE195C9250648AE00966F06;
			productRefGroup = 9DE195D4250648AE00966F06 /* Products */;
			projectDirPath = "";
			projectRoot = "";
			targets = (
				9DE195D2250648AE00966F06 /* ItlySchemaValidatorPlugin_iOS */,
				9DE1966B2506796E00966F06 /* ItlySchemaValidatorPlugin_tvOS */,
				9DE1967825067A1A00966F06 /* ItlySchemaValidatorPlugin_macOS */,
				9DD2DF3F25193415000C613D /* ItlySchemaValidatorPluginTests_iOS */,
				9DD2E174251D00D2000C613D /* ItlySchemaValidatorPluginTests_tvOS */,
				9DD2E188251D00ED000C613D /* ItlySchemaValidatorPluginTests_OSX */,
			);
		};
/* End PBXProject section */

/* Begin PBXResourcesBuildPhase section */
		9DD2DF3E25193415000C613D /* Resources */ = {
			isa = PBXResourcesBuildPhase;
			buildActionMask = 2147483647;
			files = (
			);
			runOnlyForDeploymentPostprocessing = 0;
		};
		9DD2E173251D00D2000C613D /* Resources */ = {
			isa = PBXResourcesBuildPhase;
			buildActionMask = 2147483647;
			files = (
			);
			runOnlyForDeploymentPostprocessing = 0;
		};
		9DD2E187251D00ED000C613D /* Resources */ = {
			isa = PBXResourcesBuildPhase;
			buildActionMask = 2147483647;
			files = (
			);
			runOnlyForDeploymentPostprocessing = 0;
		};
		9DE195D1250648AE00966F06 /* Resources */ = {
			isa = PBXResourcesBuildPhase;
			buildActionMask = 2147483647;
			files = (
			);
			runOnlyForDeploymentPostprocessing = 0;
		};
		9DE1966A2506796E00966F06 /* Resources */ = {
			isa = PBXResourcesBuildPhase;
			buildActionMask = 2147483647;
			files = (
			);
			runOnlyForDeploymentPostprocessing = 0;
		};
		9DE1967725067A1A00966F06 /* Resources */ = {
			isa = PBXResourcesBuildPhase;
			buildActionMask = 2147483647;
			files = (
			);
			runOnlyForDeploymentPostprocessing = 0;
		};
/* End PBXResourcesBuildPhase section */

/* Begin PBXShellScriptBuildPhase section */
		9DD2DF5E2519378C000C613D /* Copy frameworks */ = {
			isa = PBXShellScriptBuildPhase;
			buildActionMask = 2147483647;
			files = (
			);
			inputFileListPaths = (
			);
			inputPaths = (
				"$(SRCROOT)/Carthage/Build/iOS/DSJSONSchemaValidation.framework",
			);
			name = "Copy frameworks";
			outputFileListPaths = (
			);
			outputPaths = (
				"$(BUILT_PRODUCTS_DIR)/$(FRAMEWORKS_FOLDER_PATH)/DSJSONSchemaValidation.framework",
			);
			runOnlyForDeploymentPostprocessing = 0;
			shellPath = /bin/sh;
			shellScript = "# Type a script or drag a script file from your workspace to insert its path.\n/usr/local/bin/carthage copy-frameworks\n";
		};
		9DD2E1AC251D012E000C613D /* Copy frameworks */ = {
			isa = PBXShellScriptBuildPhase;
			buildActionMask = 2147483647;
			files = (
			);
			inputFileListPaths = (
			);
			inputPaths = (
				"$(SRCROOT)/Carthage/Build/iOS/DSJSONSchemaValidation.framework",
			);
			name = "Copy frameworks";
			outputFileListPaths = (
			);
			outputPaths = (
				"$(BUILT_PRODUCTS_DIR)/$(FRAMEWORKS_FOLDER_PATH)/DSJSONSchemaValidation.framework",
			);
			runOnlyForDeploymentPostprocessing = 0;
			shellPath = /bin/sh;
			shellScript = "# Type a script or drag a script file from your workspace to insert its path.\n/usr/local/bin/carthage copy-frameworks\n";
		};
		9DD2E1AD251D0176000C613D /* Copy frameworks */ = {
			isa = PBXShellScriptBuildPhase;
			buildActionMask = 2147483647;
			files = (
			);
			inputFileListPaths = (
			);
			inputPaths = (
				"$(SRCROOT)/Carthage/Build/iOS/DSJSONSchemaValidation.framework",
			);
			name = "Copy frameworks";
			outputFileListPaths = (
			);
			outputPaths = (
				"$(BUILT_PRODUCTS_DIR)/$(FRAMEWORKS_FOLDER_PATH)/DSJSONSchemaValidation.framework",
			);
			runOnlyForDeploymentPostprocessing = 0;
			shellPath = /bin/sh;
			shellScript = "# Type a script or drag a script file from your workspace to insert its path.\n/usr/local/bin/carthage copy-frameworks\n";
		};
		9DE197472506ADF500966F06 /* Carthage Deps */ = {
			isa = PBXShellScriptBuildPhase;
			buildActionMask = 2147483647;
			files = (
			);
			inputFileListPaths = (
			);
			inputPaths = (
			);
			name = "Carthage Deps";
			outputFileListPaths = (
			);
			outputPaths = (
			);
			runOnlyForDeploymentPostprocessing = 0;
			shellPath = /bin/sh;
			shellScript = "# Type a script or drag a script file from your workspace to insert its path.\n/usr/local/bin/carthage bootstrap --platform iOS --cache-builds --no-use-binaries\n";
		};
		9DE197482506AE0B00966F06 /* Carthage Deps */ = {
			isa = PBXShellScriptBuildPhase;
			buildActionMask = 2147483647;
			files = (
			);
			inputFileListPaths = (
			);
			inputPaths = (
			);
			name = "Carthage Deps";
			outputFileListPaths = (
			);
			outputPaths = (
			);
			runOnlyForDeploymentPostprocessing = 0;
			shellPath = /bin/sh;
			shellScript = "# Type a script or drag a script file from your workspace to insert its path.\n/usr/local/bin/carthage bootstrap --platform tvOS --cache-builds --no-use-binaries\n";
		};
		9DE197492506AE2000966F06 /* Carthage Deps */ = {
			isa = PBXShellScriptBuildPhase;
			buildActionMask = 2147483647;
			files = (
			);
			inputFileListPaths = (
			);
			inputPaths = (
			);
			name = "Carthage Deps";
			outputFileListPaths = (
			);
			outputPaths = (
			);
			runOnlyForDeploymentPostprocessing = 0;
			shellPath = /bin/sh;
			shellScript = "# Type a script or drag a script file from your workspace to insert its path.\n/usr/local/bin/carthage bootstrap --platform OSX --cache-builds --no-use-binaries\n";
		};
/* End PBXShellScriptBuildPhase section */

/* Begin PBXSourcesBuildPhase section */
		9DD2DF3C25193415000C613D /* Sources */ = {
			isa = PBXSourcesBuildPhase;
			buildActionMask = 2147483647;
			files = (
				9DD2DF4325193415000C613D /* ItlySchemaValidatorPluginTests.swift in Sources */,
			);
			runOnlyForDeploymentPostprocessing = 0;
		};
		9DD2E171251D00D2000C613D /* Sources */ = {
			isa = PBXSourcesBuildPhase;
			buildActionMask = 2147483647;
			files = (
			);
			runOnlyForDeploymentPostprocessing = 0;
		};
		9DD2E185251D00ED000C613D /* Sources */ = {
			isa = PBXSourcesBuildPhase;
			buildActionMask = 2147483647;
			files = (
			);
			runOnlyForDeploymentPostprocessing = 0;
		};
		9DE195CF250648AE00966F06 /* Sources */ = {
			isa = PBXSourcesBuildPhase;
			buildActionMask = 2147483647;
			files = (
				9DE19605250667D800966F06 /* ItlySchemaValidatorPlugin.swift in Sources */,
			);
			runOnlyForDeploymentPostprocessing = 0;
		};
		9DE196682506796E00966F06 /* Sources */ = {
			isa = PBXSourcesBuildPhase;
			buildActionMask = 2147483647;
			files = (
				9DE1968125067A8B00966F06 /* ItlySchemaValidatorPlugin.swift in Sources */,
			);
			runOnlyForDeploymentPostprocessing = 0;
		};
		9DE1967525067A1A00966F06 /* Sources */ = {
			isa = PBXSourcesBuildPhase;
			buildActionMask = 2147483647;
			files = (
				9DE1968225067A8B00966F06 /* ItlySchemaValidatorPlugin.swift in Sources */,
			);
			runOnlyForDeploymentPostprocessing = 0;
		};
/* End PBXSourcesBuildPhase section */

/* Begin PBXTargetDependency section */
		9DD2DF4725193415000C613D /* PBXTargetDependency */ = {
			isa = PBXTargetDependency;
			target = 9DE195D2250648AE00966F06 /* ItlySchemaValidatorPlugin_iOS */;
			targetProxy = 9DD2DF4625193415000C613D /* PBXContainerItemProxy */;
		};
		9DD2E17C251D00D2000C613D /* PBXTargetDependency */ = {
			isa = PBXTargetDependency;
			target = 9DE1966B2506796E00966F06 /* ItlySchemaValidatorPlugin_tvOS */;
			targetProxy = 9DD2E17B251D00D2000C613D /* PBXContainerItemProxy */;
		};
		9DD2E190251D00ED000C613D /* PBXTargetDependency */ = {
			isa = PBXTargetDependency;
			target = 9DE1967825067A1A00966F06 /* ItlySchemaValidatorPlugin_macOS */;
			targetProxy = 9DD2E18F251D00ED000C613D /* PBXContainerItemProxy */;
		};
/* End PBXTargetDependency section */

/* Begin XCBuildConfiguration section */
		9DD2DF4825193415000C613D /* Debug */ = {
			isa = XCBuildConfiguration;
			buildSettings = {
				CLANG_WARN_QUOTED_INCLUDE_IN_FRAMEWORK_HEADER = YES;
				CODE_SIGN_STYLE = Automatic;
				FRAMEWORK_SEARCH_PATHS = (
					"$(inherited)",
					"$(PROJECT_DIR)/Carthage/Build/iOS",
				);
				INFOPLIST_FILE = SchemaValidatorPluginTests/Info.plist;
				IPHONEOS_DEPLOYMENT_TARGET = 14.0;
				LD_RUNPATH_SEARCH_PATHS = (
					"$(inherited)",
					"@executable_path/Frameworks",
					"@loader_path/Frameworks",
				);
				PRODUCT_BUNDLE_IDENTIFIER = ly.iterative.ItlySchemaValidatorPluginPluginTests;
				PRODUCT_NAME = "$(TARGET_NAME)";
				SWIFT_VERSION = 5.0;
				TARGETED_DEVICE_FAMILY = "1,2";
			};
			name = Debug;
		};
		9DD2DF4925193415000C613D /* Release */ = {
			isa = XCBuildConfiguration;
			buildSettings = {
				CLANG_WARN_QUOTED_INCLUDE_IN_FRAMEWORK_HEADER = YES;
				CODE_SIGN_STYLE = Automatic;
				FRAMEWORK_SEARCH_PATHS = (
					"$(inherited)",
					"$(PROJECT_DIR)/Carthage/Build/iOS",
				);
				INFOPLIST_FILE = SchemaValidatorPluginTests/Info.plist;
				IPHONEOS_DEPLOYMENT_TARGET = 14.0;
				LD_RUNPATH_SEARCH_PATHS = (
					"$(inherited)",
					"@executable_path/Frameworks",
					"@loader_path/Frameworks",
				);
				PRODUCT_BUNDLE_IDENTIFIER = ly.iterative.ItlySchemaValidatorPluginPluginTests;
				PRODUCT_NAME = "$(TARGET_NAME)";
				SWIFT_VERSION = 5.0;
				TARGETED_DEVICE_FAMILY = "1,2";
			};
			name = Release;
		};
		9DD2E17E251D00D2000C613D /* Debug */ = {
			isa = XCBuildConfiguration;
			buildSettings = {
				CLANG_WARN_QUOTED_INCLUDE_IN_FRAMEWORK_HEADER = YES;
				CODE_SIGN_STYLE = Automatic;
				INFOPLIST_FILE = ItlyJsonSchemaValiadtorPluginTests/Info.plist;
				LD_RUNPATH_SEARCH_PATHS = (
					"$(inherited)",
					"@executable_path/Frameworks",
					"@loader_path/Frameworks",
				);
				PRODUCT_BUNDLE_IDENTIFIER = "ly.iterative.ItlyJsonSchemaValiadtorPluginTests-tvOS";
				PRODUCT_NAME = "$(TARGET_NAME)";
				SDKROOT = appletvos;
				SWIFT_VERSION = 5.0;
				TARGETED_DEVICE_FAMILY = 3;
				TVOS_DEPLOYMENT_TARGET = 14.0;
			};
			name = Debug;
		};
		9DD2E17F251D00D2000C613D /* Release */ = {
			isa = XCBuildConfiguration;
			buildSettings = {
				CLANG_WARN_QUOTED_INCLUDE_IN_FRAMEWORK_HEADER = YES;
				CODE_SIGN_STYLE = Automatic;
				INFOPLIST_FILE = ItlyJsonSchemaValiadtorPluginTests/Info.plist;
				LD_RUNPATH_SEARCH_PATHS = (
					"$(inherited)",
					"@executable_path/Frameworks",
					"@loader_path/Frameworks",
				);
				PRODUCT_BUNDLE_IDENTIFIER = "ly.iterative.ItlyJsonSchemaValiadtorPluginTests-tvOS";
				PRODUCT_NAME = "$(TARGET_NAME)";
				SDKROOT = appletvos;
				SWIFT_VERSION = 5.0;
				TARGETED_DEVICE_FAMILY = 3;
				TVOS_DEPLOYMENT_TARGET = 14.0;
			};
			name = Release;
		};
		9DD2E192251D00ED000C613D /* Debug */ = {
			isa = XCBuildConfiguration;
			buildSettings = {
				CLANG_WARN_QUOTED_INCLUDE_IN_FRAMEWORK_HEADER = YES;
				CODE_SIGN_STYLE = Automatic;
				COMBINE_HIDPI_IMAGES = YES;
				INFOPLIST_FILE = ItlyJsonSchemaValiadtorPluginTests/Info.plist;
				LD_RUNPATH_SEARCH_PATHS = (
					"$(inherited)",
					"@executable_path/../Frameworks",
					"@loader_path/../Frameworks",
				);
				MACOSX_DEPLOYMENT_TARGET = 10.15;
				PRODUCT_BUNDLE_IDENTIFIER = "ly.iterative.ItlyJsonSchemaValiadtorPluginTests-OSX";
				PRODUCT_NAME = "$(TARGET_NAME)";
				SDKROOT = macosx;
				SWIFT_VERSION = 5.0;
			};
			name = Debug;
		};
		9DD2E193251D00ED000C613D /* Release */ = {
			isa = XCBuildConfiguration;
			buildSettings = {
				CLANG_WARN_QUOTED_INCLUDE_IN_FRAMEWORK_HEADER = YES;
				CODE_SIGN_STYLE = Automatic;
				COMBINE_HIDPI_IMAGES = YES;
				INFOPLIST_FILE = ItlyJsonSchemaValiadtorPluginTests/Info.plist;
				LD_RUNPATH_SEARCH_PATHS = (
					"$(inherited)",
					"@executable_path/../Frameworks",
					"@loader_path/../Frameworks",
				);
				MACOSX_DEPLOYMENT_TARGET = 10.15;
				PRODUCT_BUNDLE_IDENTIFIER = "ly.iterative.ItlyJsonSchemaValiadtorPluginTests-OSX";
				PRODUCT_NAME = "$(TARGET_NAME)";
				SDKROOT = macosx;
				SWIFT_VERSION = 5.0;
			};
			name = Release;
		};
		9DE195D9250648AE00966F06 /* Debug */ = {
			isa = XCBuildConfiguration;
			buildSettings = {
				ALWAYS_SEARCH_USER_PATHS = NO;
				CLANG_ANALYZER_NONNULL = YES;
				CLANG_ANALYZER_NUMBER_OBJECT_CONVERSION = YES_AGGRESSIVE;
				CLANG_CXX_LANGUAGE_STANDARD = "gnu++14";
				CLANG_CXX_LIBRARY = "libc++";
				CLANG_ENABLE_MODULES = YES;
				CLANG_ENABLE_OBJC_ARC = YES;
				CLANG_ENABLE_OBJC_WEAK = YES;
				CLANG_WARN_BLOCK_CAPTURE_AUTORELEASING = YES;
				CLANG_WARN_BOOL_CONVERSION = YES;
				CLANG_WARN_COMMA = YES;
				CLANG_WARN_CONSTANT_CONVERSION = YES;
				CLANG_WARN_DEPRECATED_OBJC_IMPLEMENTATIONS = YES;
				CLANG_WARN_DIRECT_OBJC_ISA_USAGE = YES_ERROR;
				CLANG_WARN_DOCUMENTATION_COMMENTS = YES;
				CLANG_WARN_EMPTY_BODY = YES;
				CLANG_WARN_ENUM_CONVERSION = YES;
				CLANG_WARN_INFINITE_RECURSION = YES;
				CLANG_WARN_INT_CONVERSION = YES;
				CLANG_WARN_NON_LITERAL_NULL_CONVERSION = YES;
				CLANG_WARN_OBJC_IMPLICIT_RETAIN_SELF = YES;
				CLANG_WARN_OBJC_LITERAL_CONVERSION = YES;
				CLANG_WARN_OBJC_ROOT_CLASS = YES_ERROR;
				CLANG_WARN_RANGE_LOOP_ANALYSIS = YES;
				CLANG_WARN_STRICT_PROTOTYPES = YES;
				CLANG_WARN_SUSPICIOUS_MOVE = YES;
				CLANG_WARN_UNGUARDED_AVAILABILITY = YES_AGGRESSIVE;
				CLANG_WARN_UNREACHABLE_CODE = YES;
				CLANG_WARN__DUPLICATE_METHOD_MATCH = YES;
				COPY_PHASE_STRIP = NO;
				CURRENT_PROJECT_VERSION = 1;
				DEBUG_INFORMATION_FORMAT = dwarf;
				ENABLE_STRICT_OBJC_MSGSEND = YES;
				ENABLE_TESTABILITY = YES;
				GCC_C_LANGUAGE_STANDARD = gnu11;
				GCC_DYNAMIC_NO_PIC = NO;
				GCC_NO_COMMON_BLOCKS = YES;
				GCC_OPTIMIZATION_LEVEL = 0;
				GCC_PREPROCESSOR_DEFINITIONS = (
					"DEBUG=1",
					"$(inherited)",
				);
				GCC_WARN_64_TO_32_BIT_CONVERSION = YES;
				GCC_WARN_ABOUT_RETURN_TYPE = YES_ERROR;
				GCC_WARN_UNDECLARED_SELECTOR = YES;
				GCC_WARN_UNINITIALIZED_AUTOS = YES_AGGRESSIVE;
				GCC_WARN_UNUSED_FUNCTION = YES;
				GCC_WARN_UNUSED_VARIABLE = YES;
				IPHONEOS_DEPLOYMENT_TARGET = 11.0;
				MTL_ENABLE_DEBUG_INFO = INCLUDE_SOURCE;
				MTL_FAST_MATH = YES;
				ONLY_ACTIVE_ARCH = YES;
				SDKROOT = iphoneos;
				SWIFT_ACTIVE_COMPILATION_CONDITIONS = DEBUG;
				SWIFT_OPTIMIZATION_LEVEL = "-Onone";
				VERSIONING_SYSTEM = "apple-generic";
				VERSION_INFO_PREFIX = "";
			};
			name = Debug;
		};
		9DE195DA250648AE00966F06 /* Release */ = {
			isa = XCBuildConfiguration;
			buildSettings = {
				ALWAYS_SEARCH_USER_PATHS = NO;
				CLANG_ANALYZER_NONNULL = YES;
				CLANG_ANALYZER_NUMBER_OBJECT_CONVERSION = YES_AGGRESSIVE;
				CLANG_CXX_LANGUAGE_STANDARD = "gnu++14";
				CLANG_CXX_LIBRARY = "libc++";
				CLANG_ENABLE_MODULES = YES;
				CLANG_ENABLE_OBJC_ARC = YES;
				CLANG_ENABLE_OBJC_WEAK = YES;
				CLANG_WARN_BLOCK_CAPTURE_AUTORELEASING = YES;
				CLANG_WARN_BOOL_CONVERSION = YES;
				CLANG_WARN_COMMA = YES;
				CLANG_WARN_CONSTANT_CONVERSION = YES;
				CLANG_WARN_DEPRECATED_OBJC_IMPLEMENTATIONS = YES;
				CLANG_WARN_DIRECT_OBJC_ISA_USAGE = YES_ERROR;
				CLANG_WARN_DOCUMENTATION_COMMENTS = YES;
				CLANG_WARN_EMPTY_BODY = YES;
				CLANG_WARN_ENUM_CONVERSION = YES;
				CLANG_WARN_INFINITE_RECURSION = YES;
				CLANG_WARN_INT_CONVERSION = YES;
				CLANG_WARN_NON_LITERAL_NULL_CONVERSION = YES;
				CLANG_WARN_OBJC_IMPLICIT_RETAIN_SELF = YES;
				CLANG_WARN_OBJC_LITERAL_CONVERSION = YES;
				CLANG_WARN_OBJC_ROOT_CLASS = YES_ERROR;
				CLANG_WARN_RANGE_LOOP_ANALYSIS = YES;
				CLANG_WARN_STRICT_PROTOTYPES = YES;
				CLANG_WARN_SUSPICIOUS_MOVE = YES;
				CLANG_WARN_UNGUARDED_AVAILABILITY = YES_AGGRESSIVE;
				CLANG_WARN_UNREACHABLE_CODE = YES;
				CLANG_WARN__DUPLICATE_METHOD_MATCH = YES;
				COPY_PHASE_STRIP = NO;
				CURRENT_PROJECT_VERSION = 1;
				DEBUG_INFORMATION_FORMAT = "dwarf-with-dsym";
				ENABLE_NS_ASSERTIONS = NO;
				ENABLE_STRICT_OBJC_MSGSEND = YES;
				GCC_C_LANGUAGE_STANDARD = gnu11;
				GCC_NO_COMMON_BLOCKS = YES;
				GCC_WARN_64_TO_32_BIT_CONVERSION = YES;
				GCC_WARN_ABOUT_RETURN_TYPE = YES_ERROR;
				GCC_WARN_UNDECLARED_SELECTOR = YES;
				GCC_WARN_UNINITIALIZED_AUTOS = YES_AGGRESSIVE;
				GCC_WARN_UNUSED_FUNCTION = YES;
				GCC_WARN_UNUSED_VARIABLE = YES;
				IPHONEOS_DEPLOYMENT_TARGET = 11.0;
				MTL_ENABLE_DEBUG_INFO = NO;
				MTL_FAST_MATH = YES;
				SDKROOT = iphoneos;
				SWIFT_COMPILATION_MODE = wholemodule;
				SWIFT_OPTIMIZATION_LEVEL = "-O";
				VALIDATE_PRODUCT = YES;
				VERSIONING_SYSTEM = "apple-generic";
				VERSION_INFO_PREFIX = "";
			};
			name = Release;
		};
		9DE195DC250648AE00966F06 /* Debug */ = {
			isa = XCBuildConfiguration;
			buildSettings = {
				CLANG_ENABLE_MODULES = YES;
				CODE_SIGN_STYLE = Automatic;
				DEFINES_MODULE = YES;
				DEVELOPMENT_TEAM = 6H42BZC69T;
				DYLIB_COMPATIBILITY_VERSION = 1;
				DYLIB_CURRENT_VERSION = 1;
				DYLIB_INSTALL_NAME_BASE = "@rpath";
				FRAMEWORK_SEARCH_PATHS = (
					"$(inherited)",
					"$(PROJECT_DIR)/Carthage/Build/iOS",
					"$(PROJECT_DIR)/Carthage/Build/Mac",
					"$(PROJECT_DIR)/Carthage/Build/tvOS",
				);
				INFOPLIST_FILE = SchemaValidatorPlugin/Info.plist;
				INSTALL_PATH = "$(LOCAL_LIBRARY_DIR)/Frameworks";
				LD_RUNPATH_SEARCH_PATHS = (
					"$(inherited)",
					"@executable_path/Frameworks",
					"@loader_path/Frameworks",
				);
				PRODUCT_BUNDLE_IDENTIFIER = com.test.ItlySchemaValidatorPlugin;
				PRODUCT_NAME = ItlySchemaValidatorPlugin;
				SKIP_INSTALL = YES;
				SWIFT_OPTIMIZATION_LEVEL = "-Onone";
				SWIFT_VERSION = 5.0;
				TARGETED_DEVICE_FAMILY = "1,2";
			};
			name = Debug;
		};
		9DE195DD250648AE00966F06 /* Release */ = {
			isa = XCBuildConfiguration;
			buildSettings = {
				CLANG_ENABLE_MODULES = YES;
				CODE_SIGN_STYLE = Automatic;
				DEFINES_MODULE = YES;
				DEVELOPMENT_TEAM = 6H42BZC69T;
				DYLIB_COMPATIBILITY_VERSION = 1;
				DYLIB_CURRENT_VERSION = 1;
				DYLIB_INSTALL_NAME_BASE = "@rpath";
				FRAMEWORK_SEARCH_PATHS = (
					"$(inherited)",
					"$(PROJECT_DIR)/Carthage/Build/iOS",
					"$(PROJECT_DIR)/Carthage/Build/Mac",
					"$(PROJECT_DIR)/Carthage/Build/tvOS",
				);
				INFOPLIST_FILE = SchemaValidatorPlugin/Info.plist;
				INSTALL_PATH = "$(LOCAL_LIBRARY_DIR)/Frameworks";
				LD_RUNPATH_SEARCH_PATHS = (
					"$(inherited)",
					"@executable_path/Frameworks",
					"@loader_path/Frameworks",
				);
				PRODUCT_BUNDLE_IDENTIFIER = com.test.ItlySchemaValidatorPlugin;
				PRODUCT_NAME = ItlySchemaValidatorPlugin;
				SKIP_INSTALL = YES;
				SWIFT_VERSION = 5.0;
				TARGETED_DEVICE_FAMILY = "1,2";
			};
			name = Release;
		};
		9DE196722506796E00966F06 /* Debug */ = {
			isa = XCBuildConfiguration;
			buildSettings = {
				CODE_SIGN_STYLE = Automatic;
				DEFINES_MODULE = YES;
				DEVELOPMENT_TEAM = 6H42BZC69T;
				DYLIB_COMPATIBILITY_VERSION = 1;
				DYLIB_CURRENT_VERSION = 1;
				DYLIB_INSTALL_NAME_BASE = "@rpath";
				FRAMEWORK_SEARCH_PATHS = (
					"$(inherited)",
					"$(PROJECT_DIR)/Carthage/Build/tvOS",
				);
				INFOPLIST_FILE = ItlySchemaValidatorPlugin/Info.plist;
				INSTALL_PATH = "$(LOCAL_LIBRARY_DIR)/Frameworks";
				LD_RUNPATH_SEARCH_PATHS = (
					"$(inherited)",
					"@executable_path/Frameworks",
					"@loader_path/Frameworks",
				);
				PRODUCT_BUNDLE_IDENTIFIER = com.test.ItlySchemaValidatorPlugin;
				PRODUCT_NAME = ItlySchemaValidatorPlugin;
				SDKROOT = appletvos;
				SKIP_INSTALL = YES;
				SWIFT_VERSION = 5.0;
				TARGETED_DEVICE_FAMILY = 3;
				TVOS_DEPLOYMENT_TARGET = 13.4;
			};
			name = Debug;
		};
		9DE196732506796E00966F06 /* Release */ = {
			isa = XCBuildConfiguration;
			buildSettings = {
				CODE_SIGN_STYLE = Automatic;
				DEFINES_MODULE = YES;
				DEVELOPMENT_TEAM = 6H42BZC69T;
				DYLIB_COMPATIBILITY_VERSION = 1;
				DYLIB_CURRENT_VERSION = 1;
				DYLIB_INSTALL_NAME_BASE = "@rpath";
				FRAMEWORK_SEARCH_PATHS = (
					"$(inherited)",
					"$(PROJECT_DIR)/Carthage/Build/tvOS",
				);
				INFOPLIST_FILE = ItlySchemaValidatorPlugin/Info.plist;
				INSTALL_PATH = "$(LOCAL_LIBRARY_DIR)/Frameworks";
				LD_RUNPATH_SEARCH_PATHS = (
					"$(inherited)",
					"@executable_path/Frameworks",
					"@loader_path/Frameworks",
				);
				PRODUCT_BUNDLE_IDENTIFIER = com.test.ItlySchemaValidatorPlugin;
				PRODUCT_NAME = ItlySchemaValidatorPlugin;
				SDKROOT = appletvos;
				SKIP_INSTALL = YES;
				SWIFT_VERSION = 5.0;
				TARGETED_DEVICE_FAMILY = 3;
				TVOS_DEPLOYMENT_TARGET = 13.4;
			};
			name = Release;
		};
		9DE1967F25067A1A00966F06 /* Debug */ = {
			isa = XCBuildConfiguration;
			buildSettings = {
				CODE_SIGN_STYLE = Automatic;
				COMBINE_HIDPI_IMAGES = YES;
				DEFINES_MODULE = YES;
				DEVELOPMENT_TEAM = 6H42BZC69T;
				DYLIB_COMPATIBILITY_VERSION = 1;
				DYLIB_CURRENT_VERSION = 1;
				DYLIB_INSTALL_NAME_BASE = "@rpath";
				FRAMEWORK_SEARCH_PATHS = (
					"$(inherited)",
					"$(PROJECT_DIR)/Carthage/Build/Mac",
				);
				INFOPLIST_FILE = SchemaValidatorPlugin/Info.plist;
				INSTALL_PATH = "$(LOCAL_LIBRARY_DIR)/Frameworks";
				LD_RUNPATH_SEARCH_PATHS = (
					"$(inherited)",
					"@executable_path/../Frameworks",
					"@loader_path/Frameworks",
				);
				MACOSX_DEPLOYMENT_TARGET = 10.15;
				PRODUCT_BUNDLE_IDENTIFIER = com.test.ItlySchemaValidatorPlugin;
				PRODUCT_NAME = ItlySchemaValidatorPlugin;
				SDKROOT = macosx;
				SKIP_INSTALL = YES;
				SWIFT_VERSION = 5.0;
			};
			name = Debug;
		};
		9DE1968025067A1A00966F06 /* Release */ = {
			isa = XCBuildConfiguration;
			buildSettings = {
				CODE_SIGN_STYLE = Automatic;
				COMBINE_HIDPI_IMAGES = YES;
				DEFINES_MODULE = YES;
				DEVELOPMENT_TEAM = 6H42BZC69T;
				DYLIB_COMPATIBILITY_VERSION = 1;
				DYLIB_CURRENT_VERSION = 1;
				DYLIB_INSTALL_NAME_BASE = "@rpath";
				FRAMEWORK_SEARCH_PATHS = (
					"$(inherited)",
					"$(PROJECT_DIR)/Carthage/Build/Mac",
				);
				INFOPLIST_FILE = SchemaValidatorPlugin/Info.plist;
				INSTALL_PATH = "$(LOCAL_LIBRARY_DIR)/Frameworks";
				LD_RUNPATH_SEARCH_PATHS = (
					"$(inherited)",
					"@executable_path/../Frameworks",
					"@loader_path/Frameworks",
				);
				MACOSX_DEPLOYMENT_TARGET = 10.15;
				PRODUCT_BUNDLE_IDENTIFIER = com.test.ItlySchemaValidatorPlugin;
				PRODUCT_NAME = ItlySchemaValidatorPlugin;
				SDKROOT = macosx;
				SKIP_INSTALL = YES;
				SWIFT_VERSION = 5.0;
			};
			name = Release;
		};
/* End XCBuildConfiguration section */

/* Begin XCConfigurationList section */
		9DD2DF4A25193415000C613D /* Build configuration list for PBXNativeTarget "ItlySchemaValidatorPluginTests_iOS" */ = {
			isa = XCConfigurationList;
			buildConfigurations = (
				9DD2DF4825193415000C613D /* Debug */,
				9DD2DF4925193415000C613D /* Release */,
			);
			defaultConfigurationIsVisible = 0;
			defaultConfigurationName = Release;
		};
		9DD2E17D251D00D2000C613D /* Build configuration list for PBXNativeTarget "ItlySchemaValidatorPluginTests_tvOS" */ = {
			isa = XCConfigurationList;
			buildConfigurations = (
				9DD2E17E251D00D2000C613D /* Debug */,
				9DD2E17F251D00D2000C613D /* Release */,
			);
			defaultConfigurationIsVisible = 0;
			defaultConfigurationName = Release;
		};
		9DD2E191251D00ED000C613D /* Build configuration list for PBXNativeTarget "ItlySchemaValidatorPluginTests_OSX" */ = {
			isa = XCConfigurationList;
			buildConfigurations = (
				9DD2E192251D00ED000C613D /* Debug */,
				9DD2E193251D00ED000C613D /* Release */,
			);
			defaultConfigurationIsVisible = 0;
			defaultConfigurationName = Release;
		};
		9DE195CD250648AE00966F06 /* Build configuration list for PBXProject "SchemaValidatorPlugin" */ = {
			isa = XCConfigurationList;
			buildConfigurations = (
				9DE195D9250648AE00966F06 /* Debug */,
				9DE195DA250648AE00966F06 /* Release */,
			);
			defaultConfigurationIsVisible = 0;
			defaultConfigurationName = Release;
		};
		9DE195DB250648AE00966F06 /* Build configuration list for PBXNativeTarget "ItlySchemaValidatorPlugin_iOS" */ = {
			isa = XCConfigurationList;
			buildConfigurations = (
				9DE195DC250648AE00966F06 /* Debug */,
				9DE195DD250648AE00966F06 /* Release */,
			);
			defaultConfigurationIsVisible = 0;
			defaultConfigurationName = Release;
		};
		9DE196712506796E00966F06 /* Build configuration list for PBXNativeTarget "ItlySchemaValidatorPlugin_tvOS" */ = {
			isa = XCConfigurationList;
			buildConfigurations = (
				9DE196722506796E00966F06 /* Debug */,
				9DE196732506796E00966F06 /* Release */,
			);
			defaultConfigurationIsVisible = 0;
			defaultConfigurationName = Release;
		};
		9DE1967E25067A1A00966F06 /* Build configuration list for PBXNativeTarget "ItlySchemaValidatorPlugin_macOS" */ = {
			isa = XCConfigurationList;
			buildConfigurations = (
				9DE1967F25067A1A00966F06 /* Debug */,
				9DE1968025067A1A00966F06 /* Release */,
			);
			defaultConfigurationIsVisible = 0;
			defaultConfigurationName = Release;
		};
/* End XCConfigurationList section */
	};
	rootObject = 9DE195CA250648AE00966F06 /* Project object */;
}
