// !$*UTF8*$!
{
	archiveVersion = 1;
	classes = {
	};
	objectVersion = 50;
	objects = {

/* Begin PBXBuildFile section */
		9D1D914D25223CEC001BD8E8 /* Main.storyboard in Resources */ = {isa = PBXBuildFile; fileRef = 9D1D914B25223CEC001BD8E8 /* Main.storyboard */; };
		9D1D914F25223CED001BD8E8 /* Assets.xcassets in Resources */ = {isa = PBXBuildFile; fileRef = 9D1D914E25223CED001BD8E8 /* Assets.xcassets */; };
		9D1D915225223CED001BD8E8 /* LaunchScreen.storyboard in Resources */ = {isa = PBXBuildFile; fileRef = 9D1D915025223CED001BD8E8 /* LaunchScreen.storyboard */; };
		9DA6B13A2523A6DA00EBD8F4 /* ViewController.swift in Sources */ = {isa = PBXBuildFile; fileRef = 9DA6B1362523A6DA00EBD8F4 /* ViewController.swift */; };
		9DA6B13B2523A6DA00EBD8F4 /* ItlyFixtures.swift in Sources */ = {isa = PBXBuildFile; fileRef = 9DA6B1372523A6DA00EBD8F4 /* ItlyFixtures.swift */; };
		9DA6B13C2523A6DA00EBD8F4 /* AppDelegate.swift in Sources */ = {isa = PBXBuildFile; fileRef = 9DA6B1382523A6DA00EBD8F4 /* AppDelegate.swift */; };
		9DA6B13D2523A6DA00EBD8F4 /* SceneDelegate.swift in Sources */ = {isa = PBXBuildFile; fileRef = 9DA6B1392523A6DA00EBD8F4 /* SceneDelegate.swift */; };
		9DF666182522741F00F0BE77 /* ItlyIterativelyPlugin.framework in Frameworks */ = {isa = PBXBuildFile; fileRef = 9DF6660E2522741F00F0BE77 /* ItlyIterativelyPlugin.framework */; };
		9DF666192522741F00F0BE77 /* ItlyJsonSchemaValiadtorPlugin.framework in Frameworks */ = {isa = PBXBuildFile; fileRef = 9DF6660F2522741F00F0BE77 /* ItlyJsonSchemaValiadtorPlugin.framework */; };
		9DF6661A2522741F00F0BE77 /* Amplitude.framework in Frameworks */ = {isa = PBXBuildFile; fileRef = 9DF666102522741F00F0BE77 /* Amplitude.framework */; };
		9DF6661B2522741F00F0BE77 /* ItlyAmplitudePlugin.framework in Frameworks */ = {isa = PBXBuildFile; fileRef = 9DF666112522741F00F0BE77 /* ItlyAmplitudePlugin.framework */; };
		9DF6661C2522741F00F0BE77 /* Analytics.framework in Frameworks */ = {isa = PBXBuildFile; fileRef = 9DF666122522741F00F0BE77 /* Analytics.framework */; };
		9DF6661D2522741F00F0BE77 /* DSJSONSchemaValidation.framework in Frameworks */ = {isa = PBXBuildFile; fileRef = 9DF666132522741F00F0BE77 /* DSJSONSchemaValidation.framework */; };
		9DF6661E2522741F00F0BE77 /* ItlyCore.framework in Frameworks */ = {isa = PBXBuildFile; fileRef = 9DF666142522741F00F0BE77 /* ItlyCore.framework */; };
		9DF6661F2522741F00F0BE77 /* ItlyMixpanelPlugin.framework in Frameworks */ = {isa = PBXBuildFile; fileRef = 9DF666152522741F00F0BE77 /* ItlyMixpanelPlugin.framework */; };
		9DF666202522741F00F0BE77 /* Mixpanel.framework in Frameworks */ = {isa = PBXBuildFile; fileRef = 9DF666162522741F00F0BE77 /* Mixpanel.framework */; };
		9DF666212522741F00F0BE77 /* ItlySegmentPlugin.framework in Frameworks */ = {isa = PBXBuildFile; fileRef = 9DF666172522741F00F0BE77 /* ItlySegmentPlugin.framework */; };
/* End PBXBuildFile section */

/* Begin PBXCopyFilesBuildPhase section */
		9D1D917C25226037001BD8E8 /* Embed Frameworks */ = {
			isa = PBXCopyFilesBuildPhase;
			buildActionMask = 2147483647;
			dstPath = "";
			dstSubfolderSpec = 10;
			files = (
			);
			name = "Embed Frameworks";
			runOnlyForDeploymentPostprocessing = 0;
		};
/* End PBXCopyFilesBuildPhase section */

/* Begin PBXFileReference section */
		9D1D914225223CEC001BD8E8 /* SampleApp_Carthage.app */ = {isa = PBXFileReference; explicitFileType = wrapper.application; includeInIndex = 0; path = SampleApp_Carthage.app; sourceTree = BUILT_PRODUCTS_DIR; };
		9D1D914C25223CEC001BD8E8 /* Base */ = {isa = PBXFileReference; lastKnownFileType = file.storyboard; name = Base; path = Base.lproj/Main.storyboard; sourceTree = "<group>"; };
		9D1D914E25223CED001BD8E8 /* Assets.xcassets */ = {isa = PBXFileReference; lastKnownFileType = folder.assetcatalog; path = Assets.xcassets; sourceTree = "<group>"; };
		9D1D915125223CED001BD8E8 /* Base */ = {isa = PBXFileReference; lastKnownFileType = file.storyboard; name = Base; path = Base.lproj/LaunchScreen.storyboard; sourceTree = "<group>"; };
		9D1D915325223CED001BD8E8 /* Info.plist */ = {isa = PBXFileReference; lastKnownFileType = text.plist.xml; path = Info.plist; sourceTree = "<group>"; };
		9DA6B1362523A6DA00EBD8F4 /* ViewController.swift */ = {isa = PBXFileReference; fileEncoding = 4; lastKnownFileType = sourcecode.swift; path = ViewController.swift; sourceTree = "<group>"; };
		9DA6B1372523A6DA00EBD8F4 /* ItlyFixtures.swift */ = {isa = PBXFileReference; fileEncoding = 4; lastKnownFileType = sourcecode.swift; path = ItlyFixtures.swift; sourceTree = "<group>"; };
		9DA6B1382523A6DA00EBD8F4 /* AppDelegate.swift */ = {isa = PBXFileReference; fileEncoding = 4; lastKnownFileType = sourcecode.swift; path = AppDelegate.swift; sourceTree = "<group>"; };
		9DA6B1392523A6DA00EBD8F4 /* SceneDelegate.swift */ = {isa = PBXFileReference; fileEncoding = 4; lastKnownFileType = sourcecode.swift; path = SceneDelegate.swift; sourceTree = "<group>"; };
		9DF6660E2522741F00F0BE77 /* ItlyIterativelyPlugin.framework */ = {isa = PBXFileReference; lastKnownFileType = wrapper.framework; name = ItlyIterativelyPlugin.framework; path = Carthage/Build/iOS/ItlyIterativelyPlugin.framework; sourceTree = "<group>"; };
		9DF6660F2522741F00F0BE77 /* ItlyJsonSchemaValiadtorPlugin.framework */ = {isa = PBXFileReference; lastKnownFileType = wrapper.framework; name = ItlyJsonSchemaValiadtorPlugin.framework; path = Carthage/Build/iOS/ItlyJsonSchemaValiadtorPlugin.framework; sourceTree = "<group>"; };
		9DF666102522741F00F0BE77 /* Amplitude.framework */ = {isa = PBXFileReference; lastKnownFileType = wrapper.framework; name = Amplitude.framework; path = Carthage/Build/iOS/Amplitude.framework; sourceTree = "<group>"; };
		9DF666112522741F00F0BE77 /* ItlyAmplitudePlugin.framework */ = {isa = PBXFileReference; lastKnownFileType = wrapper.framework; name = ItlyAmplitudePlugin.framework; path = Carthage/Build/iOS/ItlyAmplitudePlugin.framework; sourceTree = "<group>"; };
		9DF666122522741F00F0BE77 /* Analytics.framework */ = {isa = PBXFileReference; lastKnownFileType = wrapper.framework; name = Analytics.framework; path = Carthage/Build/iOS/Analytics.framework; sourceTree = "<group>"; };
		9DF666132522741F00F0BE77 /* DSJSONSchemaValidation.framework */ = {isa = PBXFileReference; lastKnownFileType = wrapper.framework; name = DSJSONSchemaValidation.framework; path = Carthage/Build/iOS/DSJSONSchemaValidation.framework; sourceTree = "<group>"; };
		9DF666142522741F00F0BE77 /* ItlyCore.framework */ = {isa = PBXFileReference; lastKnownFileType = wrapper.framework; name = ItlyCore.framework; path = Carthage/Build/iOS/ItlyCore.framework; sourceTree = "<group>"; };
		9DF666152522741F00F0BE77 /* ItlyMixpanelPlugin.framework */ = {isa = PBXFileReference; lastKnownFileType = wrapper.framework; name = ItlyMixpanelPlugin.framework; path = Carthage/Build/iOS/ItlyMixpanelPlugin.framework; sourceTree = "<group>"; };
		9DF666162522741F00F0BE77 /* Mixpanel.framework */ = {isa = PBXFileReference; lastKnownFileType = wrapper.framework; name = Mixpanel.framework; path = Carthage/Build/iOS/Mixpanel.framework; sourceTree = "<group>"; };
		9DF666172522741F00F0BE77 /* ItlySegmentPlugin.framework */ = {isa = PBXFileReference; lastKnownFileType = wrapper.framework; name = ItlySegmentPlugin.framework; path = Carthage/Build/iOS/ItlySegmentPlugin.framework; sourceTree = "<group>"; };
/* End PBXFileReference section */

/* Begin PBXFrameworksBuildPhase section */
		9D1D913F25223CEC001BD8E8 /* Frameworks */ = {
			isa = PBXFrameworksBuildPhase;
			buildActionMask = 2147483647;
			files = (
				9DF6661E2522741F00F0BE77 /* ItlyCore.framework in Frameworks */,
				9DF666202522741F00F0BE77 /* Mixpanel.framework in Frameworks */,
				9DF6661C2522741F00F0BE77 /* Analytics.framework in Frameworks */,
				9DF666212522741F00F0BE77 /* ItlySegmentPlugin.framework in Frameworks */,
				9DF666182522741F00F0BE77 /* ItlyIterativelyPlugin.framework in Frameworks */,
				9DF6661D2522741F00F0BE77 /* DSJSONSchemaValidation.framework in Frameworks */,
				9DF666192522741F00F0BE77 /* ItlyJsonSchemaValiadtorPlugin.framework in Frameworks */,
				9DF6661A2522741F00F0BE77 /* Amplitude.framework in Frameworks */,
				9DF6661B2522741F00F0BE77 /* ItlyAmplitudePlugin.framework in Frameworks */,
				9DF6661F2522741F00F0BE77 /* ItlyMixpanelPlugin.framework in Frameworks */,
			);
			runOnlyForDeploymentPostprocessing = 0;
		};
/* End PBXFrameworksBuildPhase section */

/* Begin PBXGroup section */
		9D1D913925223CEC001BD8E8 = {
			isa = PBXGroup;
			children = (
				9DA6B1352523A6DA00EBD8F4 /* SampleApp */,
				9D1D914425223CEC001BD8E8 /* SampleApp_Carthage */,
				9D1D914325223CEC001BD8E8 /* Products */,
				9D1D916D25225DF3001BD8E8 /* Frameworks */,
			);
			sourceTree = "<group>";
		};
		9D1D914325223CEC001BD8E8 /* Products */ = {
			isa = PBXGroup;
			children = (
				9D1D914225223CEC001BD8E8 /* SampleApp_Carthage.app */,
			);
			name = Products;
			sourceTree = "<group>";
		};
		9D1D914425223CEC001BD8E8 /* SampleApp_Carthage */ = {
			isa = PBXGroup;
			children = (
				9D1D914B25223CEC001BD8E8 /* Main.storyboard */,
				9D1D914E25223CED001BD8E8 /* Assets.xcassets */,
				9D1D915025223CED001BD8E8 /* LaunchScreen.storyboard */,
				9D1D915325223CED001BD8E8 /* Info.plist */,
			);
			path = SampleApp_Carthage;
			sourceTree = "<group>";
		};
		9D1D916D25225DF3001BD8E8 /* Frameworks */ = {
			isa = PBXGroup;
			children = (
				9DF666102522741F00F0BE77 /* Amplitude.framework */,
				9DF666122522741F00F0BE77 /* Analytics.framework */,
				9DF666132522741F00F0BE77 /* DSJSONSchemaValidation.framework */,
				9DF666112522741F00F0BE77 /* ItlyAmplitudePlugin.framework */,
				9DF666142522741F00F0BE77 /* ItlyCore.framework */,
				9DF6660E2522741F00F0BE77 /* ItlyIterativelyPlugin.framework */,
				9DF6660F2522741F00F0BE77 /* ItlyJsonSchemaValiadtorPlugin.framework */,
				9DF666152522741F00F0BE77 /* ItlyMixpanelPlugin.framework */,
				9DF666172522741F00F0BE77 /* ItlySegmentPlugin.framework */,
				9DF666162522741F00F0BE77 /* Mixpanel.framework */,
			);
			name = Frameworks;
			sourceTree = "<group>";
		};
		9DA6B1352523A6DA00EBD8F4 /* SampleApp */ = {
			isa = PBXGroup;
			children = (
				9DA6B1362523A6DA00EBD8F4 /* ViewController.swift */,
				9DA6B1372523A6DA00EBD8F4 /* ItlyFixtures.swift */,
				9DA6B1382523A6DA00EBD8F4 /* AppDelegate.swift */,
				9DA6B1392523A6DA00EBD8F4 /* SceneDelegate.swift */,
			);
			path = SampleApp;
			sourceTree = "<group>";
		};
/* End PBXGroup section */

/* Begin PBXNativeTarget section */
		9D1D914125223CEC001BD8E8 /* SampleApp_Carthage */ = {
			isa = PBXNativeTarget;
			buildConfigurationList = 9D1D915625223CED001BD8E8 /* Build configuration list for PBXNativeTarget "SampleApp_Carthage" */;
			buildPhases = (
				9D1D913E25223CEC001BD8E8 /* Sources */,
				9D1D913F25223CEC001BD8E8 /* Frameworks */,
				9D05D51C25227CF300294C55 /* Carthage copy frameworks */,
				9D1D914025223CEC001BD8E8 /* Resources */,
				9D1D917C25226037001BD8E8 /* Embed Frameworks */,
			);
			buildRules = (
			);
			dependencies = (
			);
			name = SampleApp_Carthage;
			productName = SampleApp_Carthage;
			productReference = 9D1D914225223CEC001BD8E8 /* SampleApp_Carthage.app */;
			productType = "com.apple.product-type.application";
		};
/* End PBXNativeTarget section */

/* Begin PBXProject section */
		9D1D913A25223CEC001BD8E8 /* Project object */ = {
			isa = PBXProject;
			attributes = {
				LastSwiftUpdateCheck = 1200;
				LastUpgradeCheck = 1200;
				TargetAttributes = {
					9D1D914125223CEC001BD8E8 = {
						CreatedOnToolsVersion = 12.0.1;
					};
				};
			};
			buildConfigurationList = 9D1D913D25223CEC001BD8E8 /* Build configuration list for PBXProject "SampleApp_Carthage" */;
			compatibilityVersion = "Xcode 9.3";
			developmentRegion = en;
			hasScannedForEncodings = 0;
			knownRegions = (
				en,
				Base,
			);
			mainGroup = 9D1D913925223CEC001BD8E8;
			productRefGroup = 9D1D914325223CEC001BD8E8 /* Products */;
			projectDirPath = "";
			projectRoot = "";
			targets = (
				9D1D914125223CEC001BD8E8 /* SampleApp_Carthage */,
			);
		};
/* End PBXProject section */

/* Begin PBXResourcesBuildPhase section */
		9D1D914025223CEC001BD8E8 /* Resources */ = {
			isa = PBXResourcesBuildPhase;
			buildActionMask = 2147483647;
			files = (
				9D1D915225223CED001BD8E8 /* LaunchScreen.storyboard in Resources */,
				9D1D914F25223CED001BD8E8 /* Assets.xcassets in Resources */,
				9D1D914D25223CEC001BD8E8 /* Main.storyboard in Resources */,
			);
			runOnlyForDeploymentPostprocessing = 0;
		};
/* End PBXResourcesBuildPhase section */

/* Begin PBXShellScriptBuildPhase section */
		9D05D51C25227CF300294C55 /* Carthage copy frameworks */ = {
			isa = PBXShellScriptBuildPhase;
			buildActionMask = 2147483647;
			files = (
			);
			inputFileListPaths = (
			);
			inputPaths = (
				"$(SRCROOT)/Carthage/Build/iOS/Amplitude.framework",
				"$(SRCROOT)/Carthage/Build/iOS/Analytics.framework",
				"$(SRCROOT)/Carthage/Build/iOS/DSJSONSchemaValidation.framework",
				"$(SRCROOT)/Carthage/Build/iOS/ItlyAmplitudePlugin.framework",
				"$(SRCROOT)/Carthage/Build/iOS/ItlyCore.framework",
				"$(SRCROOT)/Carthage/Build/iOS/ItlyIterativelyPlugin.framework",
				"$(SRCROOT)/Carthage/Build/iOS/ItlyJsonSchemaValiadtorPlugin.framework",
				"$(SRCROOT)/Carthage/Build/iOS/ItlyMixpanelPlugin.framework",
				"$(SRCROOT)/Carthage/Build/iOS/ItlySegmentPlugin.framework",
				"$(SRCROOT)/Carthage/Build/iOS/Mixpanel.framework",
			);
			name = "Carthage copy frameworks";
			outputFileListPaths = (
			);
			outputPaths = (
				"$(BUILT_PRODUCTS_DIR)/$(FRAMEWORKS_FOLDER_PATH)/Amplitude.framework",
				"$(BUILT_PRODUCTS_DIR)/$(FRAMEWORKS_FOLDER_PATH)/Analytics.framework",
				"$(BUILT_PRODUCTS_DIR)/$(FRAMEWORKS_FOLDER_PATH)/DSJSONSchemaValidation.framework",
				"$(BUILT_PRODUCTS_DIR)/$(FRAMEWORKS_FOLDER_PATH)/ItlyAmplitudePlugin.framework",
				"$(BUILT_PRODUCTS_DIR)/$(FRAMEWORKS_FOLDER_PATH)/ItlyCore.framework",
				"$(BUILT_PRODUCTS_DIR)/$(FRAMEWORKS_FOLDER_PATH)/ItlyIterativelyPlugin.framework",
				"$(BUILT_PRODUCTS_DIR)/$(FRAMEWORKS_FOLDER_PATH)/ItlyJsonSchemaValiadtorPlugin.framework",
				"$(BUILT_PRODUCTS_DIR)/$(FRAMEWORKS_FOLDER_PATH)/ItlyMixpanelPlugin.framework",
				"$(BUILT_PRODUCTS_DIR)/$(FRAMEWORKS_FOLDER_PATH)/ItlySegmentPlugin.framework",
				"$(BUILT_PRODUCTS_DIR)/$(FRAMEWORKS_FOLDER_PATH)/Mixpanel.framework",
			);
			runOnlyForDeploymentPostprocessing = 0;
			shellPath = /bin/sh;
			shellScript = "# Type a script or drag a script file from your workspace to insert its path.\n/usr/local/bin/carthage copy-frameworks\n";
		};
/* End PBXShellScriptBuildPhase section */

/* Begin PBXSourcesBuildPhase section */
		9D1D913E25223CEC001BD8E8 /* Sources */ = {
			isa = PBXSourcesBuildPhase;
			buildActionMask = 2147483647;
			files = (
				9DA6B13C2523A6DA00EBD8F4 /* AppDelegate.swift in Sources */,
				9DA6B13A2523A6DA00EBD8F4 /* ViewController.swift in Sources */,
				9DA6B13B2523A6DA00EBD8F4 /* ItlyFixtures.swift in Sources */,
				9DA6B13D2523A6DA00EBD8F4 /* SceneDelegate.swift in Sources */,
			);
			runOnlyForDeploymentPostprocessing = 0;
		};
/* End PBXSourcesBuildPhase section */

/* Begin PBXVariantGroup section */
		9D1D914B25223CEC001BD8E8 /* Main.storyboard */ = {
			isa = PBXVariantGroup;
			children = (
				9D1D914C25223CEC001BD8E8 /* Base */,
			);
			name = Main.storyboard;
			sourceTree = "<group>";
		};
		9D1D915025223CED001BD8E8 /* LaunchScreen.storyboard */ = {
			isa = PBXVariantGroup;
			children = (
				9D1D915125223CED001BD8E8 /* Base */,
			);
			name = LaunchScreen.storyboard;
			sourceTree = "<group>";
		};
/* End PBXVariantGroup section */

/* Begin XCBuildConfiguration section */
		9D1D915425223CED001BD8E8 /* Debug */ = {
			isa = XCBuildConfiguration;
			buildSettings = {
				ALWAYS_SEARCH_USER_PATHS = NO;
				CLANG_ANALYZER_NONNULL = YES;
				CLANG_ANALYZER_NUMBER_OBJECT_CONVERSION = YES_AGGRESSIVE;
				CLANG_CXX_LANGUAGE_STANDARD = "gnu++14";
				CLANG_CXX_LIBRARY = "libc++";
				CLANG_ENABLE_MODULES = YES;
				CLANG_ENABLE_OBJC_ARC = YES;
				CLANG_ENABLE_OBJC_WEAK = YES;
				CLANG_WARN_BLOCK_CAPTURE_AUTORELEASING = YES;
				CLANG_WARN_BOOL_CONVERSION = YES;
				CLANG_WARN_COMMA = YES;
				CLANG_WARN_CONSTANT_CONVERSION = YES;
				CLANG_WARN_DEPRECATED_OBJC_IMPLEMENTATIONS = YES;
				CLANG_WARN_DIRECT_OBJC_ISA_USAGE = YES_ERROR;
				CLANG_WARN_DOCUMENTATION_COMMENTS = YES;
				CLANG_WARN_EMPTY_BODY = YES;
				CLANG_WARN_ENUM_CONVERSION = YES;
				CLANG_WARN_INFINITE_RECURSION = YES;
				CLANG_WARN_INT_CONVERSION = YES;
				CLANG_WARN_NON_LITERAL_NULL_CONVERSION = YES;
				CLANG_WARN_OBJC_IMPLICIT_RETAIN_SELF = YES;
				CLANG_WARN_OBJC_LITERAL_CONVERSION = YES;
				CLANG_WARN_OBJC_ROOT_CLASS = YES_ERROR;
				CLANG_WARN_QUOTED_INCLUDE_IN_FRAMEWORK_HEADER = YES;
				CLANG_WARN_RANGE_LOOP_ANALYSIS = YES;
				CLANG_WARN_STRICT_PROTOTYPES = YES;
				CLANG_WARN_SUSPICIOUS_MOVE = YES;
				CLANG_WARN_UNGUARDED_AVAILABILITY = YES_AGGRESSIVE;
				CLANG_WARN_UNREACHABLE_CODE = YES;
				CLANG_WARN__DUPLICATE_METHOD_MATCH = YES;
				COPY_PHASE_STRIP = NO;
				DEBUG_INFORMATION_FORMAT = dwarf;
				ENABLE_STRICT_OBJC_MSGSEND = YES;
				ENABLE_TESTABILITY = YES;
				GCC_C_LANGUAGE_STANDARD = gnu11;
				GCC_DYNAMIC_NO_PIC = NO;
				GCC_NO_COMMON_BLOCKS = YES;
				GCC_OPTIMIZATION_LEVEL = 0;
				GCC_PREPROCESSOR_DEFINITIONS = (
					"DEBUG=1",
					"$(inherited)",
				);
				GCC_WARN_64_TO_32_BIT_CONVERSION = YES;
				GCC_WARN_ABOUT_RETURN_TYPE = YES_ERROR;
				GCC_WARN_UNDECLARED_SELECTOR = YES;
				GCC_WARN_UNINITIALIZED_AUTOS = YES_AGGRESSIVE;
				GCC_WARN_UNUSED_FUNCTION = YES;
				GCC_WARN_UNUSED_VARIABLE = YES;
				IPHONEOS_DEPLOYMENT_TARGET = 13.0;
				MTL_ENABLE_DEBUG_INFO = INCLUDE_SOURCE;
				MTL_FAST_MATH = YES;
				ONLY_ACTIVE_ARCH = YES;
				SDKROOT = iphoneos;
				SWIFT_ACTIVE_COMPILATION_CONDITIONS = DEBUG;
				SWIFT_OPTIMIZATION_LEVEL = "-Onone";
			};
			name = Debug;
		};
		9D1D915525223CED001BD8E8 /* Release */ = {
			isa = XCBuildConfiguration;
			buildSettings = {
				ALWAYS_SEARCH_USER_PATHS = NO;
				CLANG_ANALYZER_NONNULL = YES;
				CLANG_ANALYZER_NUMBER_OBJECT_CONVERSION = YES_AGGRESSIVE;
				CLANG_CXX_LANGUAGE_STANDARD = "gnu++14";
				CLANG_CXX_LIBRARY = "libc++";
				CLANG_ENABLE_MODULES = YES;
				CLANG_ENABLE_OBJC_ARC = YES;
				CLANG_ENABLE_OBJC_WEAK = YES;
				CLANG_WARN_BLOCK_CAPTURE_AUTORELEASING = YES;
				CLANG_WARN_BOOL_CONVERSION = YES;
				CLANG_WARN_COMMA = YES;
				CLANG_WARN_CONSTANT_CONVERSION = YES;
				CLANG_WARN_DEPRECATED_OBJC_IMPLEMENTATIONS = YES;
				CLANG_WARN_DIRECT_OBJC_ISA_USAGE = YES_ERROR;
				CLANG_WARN_DOCUMENTATION_COMMENTS = YES;
				CLANG_WARN_EMPTY_BODY = YES;
				CLANG_WARN_ENUM_CONVERSION = YES;
				CLANG_WARN_INFINITE_RECURSION = YES;
				CLANG_WARN_INT_CONVERSION = YES;
				CLANG_WARN_NON_LITERAL_NULL_CONVERSION = YES;
				CLANG_WARN_OBJC_IMPLICIT_RETAIN_SELF = YES;
				CLANG_WARN_OBJC_LITERAL_CONVERSION = YES;
				CLANG_WARN_OBJC_ROOT_CLASS = YES_ERROR;
				CLANG_WARN_QUOTED_INCLUDE_IN_FRAMEWORK_HEADER = YES;
				CLANG_WARN_RANGE_LOOP_ANALYSIS = YES;
				CLANG_WARN_STRICT_PROTOTYPES = YES;
				CLANG_WARN_SUSPICIOUS_MOVE = YES;
				CLANG_WARN_UNGUARDED_AVAILABILITY = YES_AGGRESSIVE;
				CLANG_WARN_UNREACHABLE_CODE = YES;
				CLANG_WARN__DUPLICATE_METHOD_MATCH = YES;
				COPY_PHASE_STRIP = NO;
				DEBUG_INFORMATION_FORMAT = "dwarf-with-dsym";
				ENABLE_NS_ASSERTIONS = NO;
				ENABLE_STRICT_OBJC_MSGSEND = YES;
				GCC_C_LANGUAGE_STANDARD = gnu11;
				GCC_NO_COMMON_BLOCKS = YES;
				GCC_WARN_64_TO_32_BIT_CONVERSION = YES;
				GCC_WARN_ABOUT_RETURN_TYPE = YES_ERROR;
				GCC_WARN_UNDECLARED_SELECTOR = YES;
				GCC_WARN_UNINITIALIZED_AUTOS = YES_AGGRESSIVE;
				GCC_WARN_UNUSED_FUNCTION = YES;
				GCC_WARN_UNUSED_VARIABLE = YES;
				IPHONEOS_DEPLOYMENT_TARGET = 13.0;
				MTL_ENABLE_DEBUG_INFO = NO;
				MTL_FAST_MATH = YES;
				SDKROOT = iphoneos;
				SWIFT_COMPILATION_MODE = wholemodule;
				SWIFT_OPTIMIZATION_LEVEL = "-O";
				VALIDATE_PRODUCT = YES;
			};
			name = Release;
		};
		9D1D915725223CED001BD8E8 /* Debug */ = {
			isa = XCBuildConfiguration;
			buildSettings = {
				ASSETCATALOG_COMPILER_APPICON_NAME = AppIcon;
				ASSETCATALOG_COMPILER_GLOBAL_ACCENT_COLOR_NAME = AccentColor;
				CODE_SIGN_STYLE = Automatic;
				"EXCLUDED_ARCHS[sdk=iphonesimulator*]" = arm64;
				FRAMEWORK_SEARCH_PATHS = (
					"$(inherited)",
					"$(PROJECT_DIR)/Carthage/Build/iOS",
				);
				INFOPLIST_FILE = SampleApp_Carthage/Info.plist;
				LD_RUNPATH_SEARCH_PATHS = (
					"$(inherited)",
					"@executable_path/Frameworks",
				);
				PRODUCT_BUNDLE_IDENTIFIER = "ly.iterative.SampleApp-Carthage";
				PRODUCT_NAME = "$(TARGET_NAME)";
				SWIFT_VERSION = 5.0;
				TARGETED_DEVICE_FAMILY = "1,2";
			};
			name = Debug;
		};
		9D1D915825223CED001BD8E8 /* Release */ = {
			isa = XCBuildConfiguration;
			buildSettings = {
				ASSETCATALOG_COMPILER_APPICON_NAME = AppIcon;
				ASSETCATALOG_COMPILER_GLOBAL_ACCENT_COLOR_NAME = AccentColor;
				CODE_SIGN_STYLE = Automatic;
				"EXCLUDED_ARCHS[sdk=iphonesimulator*]" = arm64;
				FRAMEWORK_SEARCH_PATHS = (
					"$(inherited)",
					"$(PROJECT_DIR)/Carthage/Build/iOS",
				);
				INFOPLIST_FILE = SampleApp_Carthage/Info.plist;
				LD_RUNPATH_SEARCH_PATHS = (
					"$(inherited)",
					"@executable_path/Frameworks",
				);
				PRODUCT_BUNDLE_IDENTIFIER = "ly.iterative.SampleApp-Carthage";
				PRODUCT_NAME = "$(TARGET_NAME)";
				SWIFT_VERSION = 5.0;
				TARGETED_DEVICE_FAMILY = "1,2";
			};
			name = Release;
		};
/* End XCBuildConfiguration section */

/* Begin XCConfigurationList section */
		9D1D913D25223CEC001BD8E8 /* Build configuration list for PBXProject "SampleApp_Carthage" */ = {
			isa = XCConfigurationList;
			buildConfigurations = (
				9D1D915425223CED001BD8E8 /* Debug */,
				9D1D915525223CED001BD8E8 /* Release */,
			);
			defaultConfigurationIsVisible = 0;
			defaultConfigurationName = Release;
		};
		9D1D915625223CED001BD8E8 /* Build configuration list for PBXNativeTarget "SampleApp_Carthage" */ = {
			isa = XCConfigurationList;
			buildConfigurations = (
				9D1D915725223CED001BD8E8 /* Debug */,
				9D1D915825223CED001BD8E8 /* Release */,
			);
			defaultConfigurationIsVisible = 0;
			defaultConfigurationName = Release;
		};
/* End XCConfigurationList section */
	};
	rootObject = 9D1D913A25223CEC001BD8E8 /* Project object */;
}
